
Microsoft Visual Studio Solution File, Format Version 12.00
# Visual Studio Version 16
VisualStudioVersion = 16.0.31729.503
MinimumVisualStudioVersion = 10.0.40219.1
Project("{FAE04EC0-301F-11D3-BF4B-00C04F79EFBC}") = "WpfApp1", "WpfApp1\WpfApp1.csproj", "{CDC3C01A-5B60-4AA9-8BDB-46B636109009}"
EndProject
Global
	GlobalSection(SolutionConfigurationPlatforms) = preSolution
		Debug|Any CPU = Debug|Any CPU
		Release|Any CPU = Release|Any CPU
	EndGlobalSection
	GlobalSection(ProjectConfigurationPlatforms) = postSolution
		{CDC3C01A-5B60-4AA9-8BDB-46B636109009}.Debug|Any CPU.ActiveCfg = Debug|Any CPU
		{CDC3C01A-5B60-4AA9-8BDB-46B636109009}.Debug|Any CPU.Build.0 = Debug|Any CPU
		{CDC3C01A-5B60-4AA9-8BDB-46B636109009}.Release|Any CPU.ActiveCfg = Release|Any CPU
		{CDC3C01A-5B60-4AA9-8BDB-46B636109009}.Release|Any CPU.Build.0 = Release|Any CPU
	EndGlobalSection
	GlobalSection(SolutionProperties) = preSolution
		HideSolutionNode = FALSE
	EndGlobalSection
	GlobalSection(ExtensibilityGlobals) = postSolution
		SolutionGuid = {44CE5790-FA99-417C-A170-1037A21BEBD8}
	EndGlobalSection
EndGlobal
